
Microsoft Visual Studio Solution File, Format Version 12.00
# Visual Studio 2012
Project("{FAE04EC0-301F-11D3-BF4B-00C04F79EFBC}") = "SpeechRecognition", "SpeechRecognition\SpeechRecognition.csproj", "{7FEBF4B3-AD56-4E55-B0CE-A0F70E5A7659}"
EndProject
Global
	GlobalSection(SolutionConfigurationPlatforms) = preSolution
		Debug|iPhoneSimulator = Debug|iPhoneSimulator
		Release|iPhone = Release|iPhone
		Release|iPhoneSimulator = Release|iPhoneSimulator
		Debug|iPhone = Debug|iPhone
	EndGlobalSection
	GlobalSection(ProjectConfigurationPlatforms) = postSolution
		{7FEBF4B3-AD56-4E55-B0CE-A0F70E5A7659}.Debug|iPhoneSimulator.ActiveCfg = Debug|iPhoneSimulator
		{7FEBF4B3-AD56-4E55-B0CE-A0F70E5A7659}.Debug|iPhoneSimulator.Build.0 = Debug|iPhoneSimulator
		{7FEBF4B3-AD56-4E55-B0CE-A0F70E5A7659}.Release|iPhone.ActiveCfg = Release|iPhone
		{7FEBF4B3-AD56-4E55-B0CE-A0F70E5A7659}.Release|iPhone.Build.0 = Release|iPhone
		{7FEBF4B3-AD56-4E55-B0CE-A0F70E5A7659}.Release|iPhoneSimulator.ActiveCfg = Release|iPhoneSimulator
		{7FEBF4B3-AD56-4E55-B0CE-A0F70E5A7659}.Release|iPhoneSimulator.Build.0 = Release|iPhoneSimulator
		{7FEBF4B3-AD56-4E55-B0CE-A0F70E5A7659}.Debug|iPhone.ActiveCfg = Debug|iPhone
		{7FEBF4B3-AD56-4E55-B0CE-A0F70E5A7659}.Debug|iPhone.Build.0 = Debug|iPhone
	EndGlobalSection
EndGlobal
